
Microsoft Visual Studio Solution File, Format Version 12.00
# Visual Studio Version 16
VisualStudioVersion = 16.0.29215.179
MinimumVisualStudioVersion = 10.0.40219.1
Project("{FAE04EC0-301F-11D3-BF4B-00C04F79EFBC}") = "JustEmuTarkov", "JustEmuTarkov\JustEmuTarkov.csproj", "{242F7201-44C7-4204-BED8-22DEAD5C05CA}"
EndProject
Global
	GlobalSection(SolutionConfigurationPlatforms) = preSolution
		Debug|Any CPU = Debug|Any CPU
		Release|Any CPU = Release|Any CPU
	EndGlobalSection
	GlobalSection(ProjectConfigurationPlatforms) = postSolution
		{242F7201-44C7-4204-BED8-22DEAD5C05CA}.Debug|Any CPU.ActiveCfg = Debug|Any CPU
		{242F7201-44C7-4204-BED8-22DEAD5C05CA}.Debug|Any CPU.Build.0 = Debug|Any CPU
		{242F7201-44C7-4204-BED8-22DEAD5C05CA}.Release|Any CPU.ActiveCfg = Release|Any CPU
		{242F7201-44C7-4204-BED8-22DEAD5C05CA}.Release|Any CPU.Build.0 = Release|Any CPU
	EndGlobalSection
	GlobalSection(SolutionProperties) = preSolution
		HideSolutionNode = FALSE
	EndGlobalSection
	GlobalSection(ExtensibilityGlobals) = postSolution
		SolutionGuid = {B4E2B864-A429-44AF-8FCA-2E37BEFCACF7}
	EndGlobalSection
EndGlobal
